# This is a Gradle generated file for dependency locking.
# Manual edits can break the build and are not advised.
# This file is expected to be part of source control.
androidx.activity:activity-compose:1.13.0=debugRuntimeClasspath,qaRuntimeClasspath,releaseRuntimeClasspath
androidx.activity:activity-ktx:1.13.0=debugRuntimeClasspath,qaRuntimeClasspath,releaseRuntimeClasspath
androidx.activity:activity:1.13.0=debugRuntimeClasspath,qaRuntimeClasspath,releaseRuntimeClasspath
androidx.annotation:annotation-experimental:1.4.1=debugRuntimeClasspath,qaRuntimeClasspath,releaseRuntimeClasspath
androidx.annotation:annotation-jvm:1.10.0=debugRuntimeClasspath,qaRuntimeClasspath,releaseRuntimeClasspath
androidx.annotation:annotation:1.10.0=debugRuntimeClasspath,qaRuntimeClasspath,releaseRuntimeClasspath
androidx.arch.core:core-common:2.2.0=debugRuntimeClasspath,qaRuntimeClasspath,releaseRuntimeClasspath
androidx.arch.core:core-runtime:2.2.0=debugRuntimeClasspath,qaRuntimeClasspath,releaseRuntimeClasspath
androidx.autofill:autofill:1.0.0=debugRuntimeClasspath,qaRuntimeClasspath,releaseRuntimeClasspath
androidx.collection:collection-jvm:1.5.0=debugRuntimeClasspath,qaRuntimeClasspath,releaseRuntimeClasspath
androidx.collection:collection-ktx:1.5.0=debugRuntimeClasspath,qaRuntimeClasspath,releaseRuntimeClasspath
androidx.collection:collection:1.5.0=debugRuntimeClasspath,qaRuntimeClasspath,releaseRuntimeClasspath
androidx.compose.animation:animation-android:1.11.3=debugRuntimeClasspath,qaRuntimeClasspath,releaseRuntimeClasspath
androidx.compose.animation:animation-core-android:1.11.3=debugRuntimeClasspath,qaRuntimeClasspath,releaseRuntimeClasspath
androidx.compose.animation:animation-core:1.11.3=debugRuntimeClasspath,qaRuntimeClasspath,releaseRuntimeClasspath
androidx.compose.animation:animation:1.11.3=debugRuntimeClasspath,qaRuntimeClasspath,releaseRuntimeClasspath
androidx.compose.foundation:foundation-android:1.11.3=debugRuntimeClasspath,qaRuntimeClasspath,releaseRuntimeClasspath
androidx.compose.foundation:foundation-layout-android:1.11.3=debugRuntimeClasspath,qaRuntimeClasspath,releaseRuntimeClasspath
androidx.compose.foundation:foundation-layout:1.11.3=debugRuntimeClasspath,qaRuntimeClasspath,releaseRuntimeClasspath
androidx.compose.foundation:foundation:1.11.3=debugRuntimeClasspath,qaRuntimeClasspath,releaseRuntimeClasspath
androidx.compose.material3:material3-android:1.4.0=debugRuntimeClasspath,qaRuntimeClasspath,releaseRuntimeClasspath
androidx.compose.material3:material3:1.4.0=debugRuntimeClasspath,qaRuntimeClasspath,releaseRuntimeClasspath
androidx.compose.material:material-ripple-android:1.11.3=debugRuntimeClasspath,qaRuntimeClasspath,releaseRuntimeClasspath
androidx.compose.material:material-ripple:1.11.3=debugRuntimeClasspath,qaRuntimeClasspath,releaseRuntimeClasspath
androidx.compose.runtime:runtime-android:1.11.3=debugRuntimeClasspath,qaRuntimeClasspath,releaseRuntimeClasspath
androidx.compose.runtime:runtime-annotation-android:1.11.3=debugRuntimeClasspath,qaRuntimeClasspath,releaseRuntimeClasspath
androidx.compose.runtime:runtime-annotation:1.11.3=debugRuntimeClasspath,qaRuntimeClasspath,releaseRuntimeClasspath
androidx.compose.runtime:runtime-retain-android:1.11.3=debugRuntimeClasspath,qaRuntimeClasspath,releaseRuntimeClasspath
androidx.compose.runtime:runtime-retain:1.11.3=debugRuntimeClasspath,qaRuntimeClasspath,releaseRuntimeClasspath
androidx.compose.runtime:runtime-saveable-android:1.11.3=debugRuntimeClasspath,qaRuntimeClasspath,releaseRuntimeClasspath
androidx.compose.runtime:runtime-saveable:1.11.3=debugRuntimeClasspath,qaRuntimeClasspath,releaseRuntimeClasspath
androidx.compose.runtime:runtime:1.11.3=debugRuntimeClasspath,qaRuntimeClasspath,releaseRuntimeClasspath
androidx.compose.ui:ui-android:1.11.3=debugRuntimeClasspath,qaRuntimeClasspath,releaseRuntimeClasspath
androidx.compose.ui:ui-geometry-android:1.11.3=debugRuntimeClasspath,qaRuntimeClasspath,releaseRuntimeClasspath
androidx.compose.ui:ui-geometry:1.11.3=debugRuntimeClasspath,qaRuntimeClasspath,releaseRuntimeClasspath
androidx.compose.ui:ui-graphics-android:1.11.3=debugRuntimeClasspath,qaRuntimeClasspath,releaseRuntimeClasspath
androidx.compose.ui:ui-graphics:1.11.3=debugRuntimeClasspath,qaRuntimeClasspath,releaseRuntimeClasspath
androidx.compose.ui:ui-test-manifest:1.11.3=debugRuntimeClasspath,qaRuntimeClasspath
androidx.compose.ui:ui-text-android:1.11.3=debugRuntimeClasspath,qaRuntimeClasspath,releaseRuntimeClasspath
androidx.compose.ui:ui-text:1.11.3=debugRuntimeClasspath,qaRuntimeClasspath,releaseRuntimeClasspath
androidx.compose.ui:ui-tooling-android:1.11.3=debugRuntimeClasspath,qaRuntimeClasspath
androidx.compose.ui:ui-tooling-data-android:1.11.3=debugRuntimeClasspath,qaRuntimeClasspath
androidx.compose.ui:ui-tooling-data:1.11.3=debugRuntimeClasspath,qaRuntimeClasspath
androidx.compose.ui:ui-tooling-preview-android:1.11.3=debugRuntimeClasspath,qaRuntimeClasspath,releaseRuntimeClasspath
androidx.compose.ui:ui-tooling-preview:1.11.3=debugRuntimeClasspath,qaRuntimeClasspath,releaseRuntimeClasspath
androidx.compose.ui:ui-tooling:1.11.3=debugRuntimeClasspath,qaRuntimeClasspath
androidx.compose.ui:ui-unit-android:1.11.3=debugRuntimeClasspath,qaRuntimeClasspath,releaseRuntimeClasspath
androidx.compose.ui:ui-unit:1.11.3=debugRuntimeClasspath,qaRuntimeClasspath,releaseRuntimeClasspath
androidx.compose.ui:ui-util-android:1.11.3=debugRuntimeClasspath,qaRuntimeClasspath,releaseRuntimeClasspath
androidx.compose.ui:ui-util:1.11.3=debugRuntimeClasspath,qaRuntimeClasspath,releaseRuntimeClasspath
androidx.compose.ui:ui:1.11.3=debugRuntimeClasspath,qaRuntimeClasspath,releaseRuntimeClasspath
androidx.compose:compose-bom:2026.06.00=debugRuntimeClasspath,qaRuntimeClasspath,releaseRuntimeClasspath
androidx.concurrent:concurrent-futures:1.1.0=debugRuntimeClasspath,qaRuntimeClasspath,releaseRuntimeClasspath
androidx.core:core-ktx:1.18.0=debugRuntimeClasspath,qaRuntimeClasspath,releaseRuntimeClasspath
androidx.core:core-viewtree:1.0.0=debugRuntimeClasspath,qaRuntimeClasspath,releaseRuntimeClasspath
androidx.core:core:1.18.0=debugRuntimeClasspath,qaRuntimeClasspath,releaseRuntimeClasspath
androidx.customview:customview-poolingcontainer:1.0.0=debugRuntimeClasspath,qaRuntimeClasspath,releaseRuntimeClasspath
androidx.datastore:datastore-android:1.2.0=debugRuntimeClasspath,qaRuntimeClasspath,releaseRuntimeClasspath
androidx.datastore:datastore-core-android:1.2.0=debugRuntimeClasspath,qaRuntimeClasspath,releaseRuntimeClasspath
androidx.datastore:datastore-core-okio-jvm:1.2.0=debugRuntimeClasspath,qaRuntimeClasspath,releaseRuntimeClasspath
androidx.datastore:datastore-core-okio:1.2.0=debugRuntimeClasspath,qaRuntimeClasspath,releaseRuntimeClasspath
androidx.datastore:datastore-core:1.2.0=debugRuntimeClasspath,qaRuntimeClasspath,releaseRuntimeClasspath
androidx.datastore:datastore-preferences-android:1.2.0=debugRuntimeClasspath,qaRuntimeClasspath,releaseRuntimeClasspath
androidx.datastore:datastore-preferences-core-android:1.2.0=debugRuntimeClasspath,qaRuntimeClasspath,releaseRuntimeClasspath
androidx.datastore:datastore-preferences-core:1.2.0=debugRuntimeClasspath,qaRuntimeClasspath,releaseRuntimeClasspath
androidx.datastore:datastore-preferences-external-protobuf:1.2.0=debugRuntimeClasspath,qaRuntimeClasspath,releaseRuntimeClasspath
androidx.datastore:datastore-preferences-proto:1.2.0=debugRuntimeClasspath,qaRuntimeClasspath,releaseRuntimeClasspath
androidx.datastore:datastore-preferences:1.2.0=debugRuntimeClasspath,qaRuntimeClasspath,releaseRuntimeClasspath
androidx.datastore:datastore:1.2.0=debugRuntimeClasspath,qaRuntimeClasspath,releaseRuntimeClasspath
androidx.documentfile:documentfile:1.0.0=debugRuntimeClasspath,qaRuntimeClasspath,releaseRuntimeClasspath
androidx.dynamicanimation:dynamicanimation:1.0.0=debugRuntimeClasspath,qaRuntimeClasspath,releaseRuntimeClasspath
androidx.emoji2:emoji2:1.4.0=debugRuntimeClasspath,qaRuntimeClasspath,releaseRuntimeClasspath
androidx.graphics:graphics-path:1.0.1=debugRuntimeClasspath,qaRuntimeClasspath,releaseRuntimeClasspath
androidx.interpolator:interpolator:1.0.0=debugRuntimeClasspath,qaRuntimeClasspath,releaseRuntimeClasspath
androidx.legacy:legacy-support-core-utils:1.0.0=debugRuntimeClasspath,qaRuntimeClasspath,releaseRuntimeClasspath
androidx.lifecycle:lifecycle-common-java8:2.10.0=debugRuntimeClasspath,qaRuntimeClasspath,releaseRuntimeClasspath
androidx.lifecycle:lifecycle-common-jvm:2.10.0=debugRuntimeClasspath,qaRuntimeClasspath,releaseRuntimeClasspath
androidx.lifecycle:lifecycle-common:2.10.0=debugRuntimeClasspath,qaRuntimeClasspath,releaseRuntimeClasspath
androidx.lifecycle:lifecycle-livedata-core-ktx:2.10.0=debugRuntimeClasspath,qaRuntimeClasspath,releaseRuntimeClasspath
androidx.lifecycle:lifecycle-livedata-core:2.10.0=debugRuntimeClasspath,qaRuntimeClasspath,releaseRuntimeClasspath
androidx.lifecycle:lifecycle-livedata:2.10.0=debugRuntimeClasspath,qaRuntimeClasspath,releaseRuntimeClasspath
androidx.lifecycle:lifecycle-process:2.10.0=debugRuntimeClasspath,qaRuntimeClasspath,releaseRuntimeClasspath
androidx.lifecycle:lifecycle-runtime-android:2.10.0=debugRuntimeClasspath,qaRuntimeClasspath,releaseRuntimeClasspath
androidx.lifecycle:lifecycle-runtime-compose-android:2.10.0=debugRuntimeClasspath,qaRuntimeClasspath,releaseRuntimeClasspath
androidx.lifecycle:lifecycle-runtime-compose:2.10.0=debugRuntimeClasspath,qaRuntimeClasspath,releaseRuntimeClasspath
androidx.lifecycle:lifecycle-runtime-ktx-android:2.10.0=debugRuntimeClasspath,qaRuntimeClasspath,releaseRuntimeClasspath
androidx.lifecycle:lifecycle-runtime-ktx:2.10.0=debugRuntimeClasspath,qaRuntimeClasspath,releaseRuntimeClasspath
androidx.lifecycle:lifecycle-runtime:2.10.0=debugRuntimeClasspath,qaRuntimeClasspath,releaseRuntimeClasspath
androidx.lifecycle:lifecycle-viewmodel-android:2.10.0=debugRuntimeClasspath,qaRuntimeClasspath,releaseRuntimeClasspath
androidx.lifecycle:lifecycle-viewmodel-ktx:2.10.0=debugRuntimeClasspath,qaRuntimeClasspath,releaseRuntimeClasspath
androidx.lifecycle:lifecycle-viewmodel-savedstate-android:2.10.0=debugRuntimeClasspath,qaRuntimeClasspath,releaseRuntimeClasspath
androidx.lifecycle:lifecycle-viewmodel-savedstate:2.10.0=debugRuntimeClasspath,qaRuntimeClasspath,releaseRuntimeClasspath
androidx.lifecycle:lifecycle-viewmodel:2.10.0=debugRuntimeClasspath,qaRuntimeClasspath,releaseRuntimeClasspath
androidx.loader:loader:1.0.0=debugRuntimeClasspath,qaRuntimeClasspath,releaseRuntimeClasspath
androidx.localbroadcastmanager:localbroadcastmanager:1.0.0=debugRuntimeClasspath,qaRuntimeClasspath,releaseRuntimeClasspath
androidx.navigationevent:navigationevent-android:1.0.0=debugRuntimeClasspath,qaRuntimeClasspath,releaseRuntimeClasspath
androidx.navigationevent:navigationevent-compose-android:1.0.0=debugRuntimeClasspath,qaRuntimeClasspath,releaseRuntimeClasspath
androidx.navigationevent:navigationevent-compose:1.0.0=debugRuntimeClasspath,qaRuntimeClasspath,releaseRuntimeClasspath
androidx.navigationevent:navigationevent:1.0.0=debugRuntimeClasspath,qaRuntimeClasspath,releaseRuntimeClasspath
androidx.print:print:1.0.0=debugRuntimeClasspath,qaRuntimeClasspath,releaseRuntimeClasspath
androidx.profileinstaller:profileinstaller:1.4.0=debugRuntimeClasspath,qaRuntimeClasspath,releaseRuntimeClasspath
androidx.savedstate:savedstate-android:1.4.0=debugRuntimeClasspath,qaRuntimeClasspath,releaseRuntimeClasspath
androidx.savedstate:savedstate-compose-android:1.4.0=debugRuntimeClasspath,qaRuntimeClasspath,releaseRuntimeClasspath
androidx.savedstate:savedstate-compose:1.4.0=debugRuntimeClasspath,qaRuntimeClasspath,releaseRuntimeClasspath
androidx.savedstate:savedstate-ktx:1.4.0=debugRuntimeClasspath,qaRuntimeClasspath,releaseRuntimeClasspath
androidx.savedstate:savedstate:1.4.0=debugRuntimeClasspath,qaRuntimeClasspath,releaseRuntimeClasspath
androidx.startup:startup-runtime:1.2.0=debugRuntimeClasspath,qaRuntimeClasspath,releaseRuntimeClasspath
androidx.tracing:tracing:1.2.0=debugRuntimeClasspath,qaRuntimeClasspath,releaseRuntimeClasspath
androidx.transition:transition:1.6.0=debugRuntimeClasspath,qaRuntimeClasspath,releaseRuntimeClasspath
androidx.versionedparcelable:versionedparcelable:1.1.1=debugRuntimeClasspath,qaRuntimeClasspath,releaseRuntimeClasspath
androidx.webkit:webkit:1.16.0=debugRuntimeClasspath,qaRuntimeClasspath,releaseRuntimeClasspath
androidx.window:window-core-android:1.5.0=debugRuntimeClasspath,qaRuntimeClasspath,releaseRuntimeClasspath
androidx.window:window-core:1.5.0=debugRuntimeClasspath,qaRuntimeClasspath,releaseRuntimeClasspath
androidx.window:window:1.5.0=debugRuntimeClasspath,qaRuntimeClasspath,releaseRuntimeClasspath
com.fasterxml.woodstox:woodstox-core:6.5.1=debugRuntimeClasspath,qaRuntimeClasspath,releaseRuntimeClasspath
com.google.guava:listenablefuture:1.0=debugRuntimeClasspath,qaRuntimeClasspath,releaseRuntimeClasspath
com.squareup.okhttp3:okhttp-android:5.4.0=debugRuntimeClasspath,qaRuntimeClasspath,releaseRuntimeClasspath
com.squareup.okhttp3:okhttp:5.4.0=debugRuntimeClasspath,qaRuntimeClasspath,releaseRuntimeClasspath
com.squareup.okio:okio-jvm:3.17.0=debugRuntimeClasspath,qaRuntimeClasspath,releaseRuntimeClasspath
com.squareup.okio:okio:3.17.0=debugRuntimeClasspath,qaRuntimeClasspath,releaseRuntimeClasspath
com.tom-roush:pdfbox-android:2.0.27.0=debugRuntimeClasspath,qaRuntimeClasspath,releaseRuntimeClasspath
commons-codec:commons-codec:1.18.0=debugRuntimeClasspath,qaRuntimeClasspath,releaseRuntimeClasspath
jakarta.xml.bind:jakarta.xml.bind-api:3.0.1=debugRuntimeClasspath,qaRuntimeClasspath,releaseRuntimeClasspath
org.apache.santuario:xmlsec:3.0.6=debugRuntimeClasspath,qaRuntimeClasspath,releaseRuntimeClasspath
org.bouncycastle:bcpkix-jdk18on:1.85=debugRuntimeClasspath,qaRuntimeClasspath,releaseRuntimeClasspath
org.bouncycastle:bcprov-jdk18on:1.85=debugRuntimeClasspath,qaRuntimeClasspath,releaseRuntimeClasspath
org.bouncycastle:bcutil-jdk18on:1.85=debugRuntimeClasspath,qaRuntimeClasspath,releaseRuntimeClasspath
org.codehaus.woodstox:stax2-api:4.2.1=debugRuntimeClasspath,qaRuntimeClasspath,releaseRuntimeClasspath
org.jetbrains.kotlin:kotlin-stdlib:2.3.10=debugRuntimeClasspath,qaRuntimeClasspath,releaseRuntimeClasspath
org.jetbrains.kotlinx:kotlinx-coroutines-android:1.10.2=debugRuntimeClasspath,qaRuntimeClasspath,releaseRuntimeClasspath
org.jetbrains.kotlinx:kotlinx-coroutines-bom:1.10.2=debugRuntimeClasspath,qaRuntimeClasspath,releaseRuntimeClasspath
org.jetbrains.kotlinx:kotlinx-coroutines-core-jvm:1.10.2=debugRuntimeClasspath,qaRuntimeClasspath,releaseRuntimeClasspath
org.jetbrains.kotlinx:kotlinx-coroutines-core:1.10.2=debugRuntimeClasspath,qaRuntimeClasspath,releaseRuntimeClasspath
org.jetbrains.kotlinx:kotlinx-serialization-bom:1.7.3=debugRuntimeClasspath,qaRuntimeClasspath,releaseRuntimeClasspath
org.jetbrains.kotlinx:kotlinx-serialization-core-jvm:1.7.3=debugRuntimeClasspath,qaRuntimeClasspath,releaseRuntimeClasspath
org.jetbrains.kotlinx:kotlinx-serialization-core:1.7.3=debugRuntimeClasspath,qaRuntimeClasspath,releaseRuntimeClasspath
org.jetbrains.kotlinx:kotlinx-serialization-json-jvm:1.7.3=debugRuntimeClasspath,qaRuntimeClasspath,releaseRuntimeClasspath
org.jetbrains.kotlinx:kotlinx-serialization-json:1.7.3=debugRuntimeClasspath,qaRuntimeClasspath,releaseRuntimeClasspath
org.jetbrains:annotations:23.0.0=debugRuntimeClasspath,qaRuntimeClasspath,releaseRuntimeClasspath
org.jspecify:jspecify:1.0.0=debugRuntimeClasspath,qaRuntimeClasspath,releaseRuntimeClasspath
org.slf4j:slf4j-api:1.7.36=debugRuntimeClasspath,qaRuntimeClasspath,releaseRuntimeClasspath
empty=
